// !$*UTF8*$!
{
	archiveVersion = 1;
	classes = {
	};
	objectVersion = 56;
	objects = {

/* Begin PBXBuildFile section */
		3092154320478B39B2F43F34 /* Pods_EsriMap.framework in Frameworks */ = {isa = PBXBuildFile; fileRef = DC46646863D89E304EDEC2FA /* Pods_EsriMap.framework */; };
		D3C198972BCD9A4F00AA3596 /* AppDelegate.swift in Sources */ = {isa = PBXBuildFile; fileRef = D3C198962BCD9A4F00AA3596 /* AppDelegate.swift */; };
		D3C198992BCD9A4F00AA3596 /* SceneDelegate.swift in Sources */ = {isa = PBXBuildFile; fileRef = D3C198982BCD9A4F00AA3596 /* SceneDelegate.swift */; };
		D3C1989B2BCD9A4F00AA3596 /* ViewController.swift in Sources */ = {isa = PBXBuildFile; fileRef = D3C1989A2BCD9A4F00AA3596 /* ViewController.swift */; };
		D3C1989E2BCD9A4F00AA3596 /* Main.storyboard in Resources */ = {isa = PBXBuildFile; fileRef = D3C1989C2BCD9A4F00AA3596 /* Main.storyboard */; };
		D3C198A02BCD9A5100AA3596 /* Assets.xcassets in Resources */ = {isa = PBXBuildFile; fileRef = D3C1989F2BCD9A5100AA3596 /* Assets.xcassets */; };
		D3C198A32BCD9A5100AA3596 /* LaunchScreen.storyboard in Resources */ = {isa = PBXBuildFile; fileRef = D3C198A12BCD9A5100AA3596 /* LaunchScreen.storyboard */; };
		D3C198AB2BCDA36500AA3596 /* EsriModule.swift in Sources */ = {isa = PBXBuildFile; fileRef = D3C198AA2BCDA36500AA3596 /* EsriModule.swift */; };
/* End PBXBuildFile section */

/* Begin PBXFileReference section */
		BC97164E80ADC3AA3E0EF029 /* Pods-EsriMap.debug.xcconfig */ = {isa = PBXFileReference; includeInIndex = 1; lastKnownFileType = text.xcconfig; name = "Pods-EsriMap.debug.xcconfig"; path = "Target Support Files/Pods-EsriMap/Pods-EsriMap.debug.xcconfig"; sourceTree = "<group>"; };
		D3C198932BCD9A4F00AA3596 /* EsriMap.app */ = {isa = PBXFileReference; explicitFileType = wrapper.application; includeInIndex = 0; path = EsriMap.app; sourceTree = BUILT_PRODUCTS_DIR; };
		D3C198962BCD9A4F00AA3596 /* AppDelegate.swift */ = {isa = PBXFileReference; lastKnownFileType = sourcecode.swift; path = AppDelegate.swift; sourceTree = "<group>"; };
		D3C198982BCD9A4F00AA3596 /* SceneDelegate.swift */ = {isa = PBXFileReference; lastKnownFileType = sourcecode.swift; path = SceneDelegate.swift; sourceTree = "<group>"; };
		D3C1989A2BCD9A4F00AA3596 /* ViewController.swift */ = {isa = PBXFileReference; lastKnownFileType = sourcecode.swift; path = ViewController.swift; sourceTree = "<group>"; };
		D3C1989D2BCD9A4F00AA3596 /* Base */ = {isa = PBXFileReference; lastKnownFileType = file.storyboard; name = Base; path = Base.lproj/Main.storyboard; sourceTree = "<group>"; };
		D3C1989F2BCD9A5100AA3596 /* Assets.xcassets */ = {isa = PBXFileReference; lastKnownFileType = folder.assetcatalog; path = Assets.xcassets; sourceTree = "<group>"; };
		D3C198A22BCD9A5100AA3596 /* Base */ = {isa = PBXFileReference; lastKnownFileType = file.storyboard; name = Base; path = Base.lproj/LaunchScreen.storyboard; sourceTree = "<group>"; };
		D3C198A42BCD9A5100AA3596 /* Info.plist */ = {isa = PBXFileReference; lastKnownFileType = text.plist.xml; path = Info.plist; sourceTree = "<group>"; };
		D3C198AA2BCDA36500AA3596 /* EsriModule.swift */ = {isa = PBXFileReference; lastKnownFileType = sourcecode.swift; path = EsriModule.swift; sourceTree = "<group>"; };
		DC46646863D89E304EDEC2FA /* Pods_EsriMap.framework */ = {isa = PBXFileReference; explicitFileType = wrapper.framework; includeInIndex = 0; path = Pods_EsriMap.framework; sourceTree = BUILT_PRODUCTS_DIR; };
		E51FE1B7F8EAF0F40B371584 /* Pods-EsriMap.release.xcconfig */ = {isa = PBXFileReference; includeInIndex = 1; lastKnownFileType = text.xcconfig; name = "Pods-EsriMap.release.xcconfig"; path = "Target Support Files/Pods-EsriMap/Pods-EsriMap.release.xcconfig"; sourceTree = "<group>"; };
/* End PBXFileReference section */

/* Begin PBXFrameworksBuildPhase section */
		D3C198902BCD9A4F00AA3596 /* Frameworks */ = {
			isa = PBXFrameworksBuildPhase;
			buildActionMask = 2147483647;
			files = (
				3092154320478B39B2F43F34 /* Pods_EsriMap.framework in Frameworks */,
			);
			runOnlyForDeploymentPostprocessing = 0;
		};
/* End PBXFrameworksBuildPhase section */

/* Begin PBXGroup section */
		AFC42590CC2900A653143D5F /* Pods */ = {
			isa = PBXGroup;
			children = (
				BC97164E80ADC3AA3E0EF029 /* Pods-EsriMap.debug.xcconfig */,
				E51FE1B7F8EAF0F40B371584 /* Pods-EsriMap.release.xcconfig */,
			);
			path = Pods;
			sourceTree = "<group>";
		};
		D3C1988A2BCD9A4F00AA3596 = {
			isa = PBXGroup;
			children = (
				D3C198952BCD9A4F00AA3596 /* EsriMap */,
				D3C198942BCD9A4F00AA3596 /* Products */,
				AFC42590CC2900A653143D5F /* Pods */,
				E12F5DF53FD226C7117B8C21 /* Frameworks */,
			);
			sourceTree = "<group>";
		};
		D3C198942BCD9A4F00AA3596 /* Products */ = {
			isa = PBXGroup;
			children = (
				D3C198932BCD9A4F00AA3596 /* EsriMap.app */,
			);
			name = Products;
			sourceTree = "<group>";
		};
		D3C198952BCD9A4F00AA3596 /* EsriMap */ = {
			isa = PBXGroup;
			children = (
				D3C198962BCD9A4F00AA3596 /* AppDelegate.swift */,
				D3C198982BCD9A4F00AA3596 /* SceneDelegate.swift */,
				D3C198AA2BCDA36500AA3596 /* EsriModule.swift */,
				D3C1989A2BCD9A4F00AA3596 /* ViewController.swift */,
				D3C1989C2BCD9A4F00AA3596 /* Main.storyboard */,
				D3C1989F2BCD9A5100AA3596 /* Assets.xcassets */,
				D3C198A12BCD9A5100AA3596 /* LaunchScreen.storyboard */,
				D3C198A42BCD9A5100AA3596 /* Info.plist */,
			);
			path = EsriMap;
			sourceTree = "<group>";
		};
		E12F5DF53FD226C7117B8C21 /* Frameworks */ = {
			isa = PBXGroup;
			children = (
				DC46646863D89E304EDEC2FA /* Pods_EsriMap.framework */,
			);
			name = Frameworks;
			sourceTree = "<group>";
		};
/* End PBXGroup section */

/* Begin PBXNativeTarget section */
		D3C198922BCD9A4F00AA3596 /* EsriMap */ = {
			isa = PBXNativeTarget;
			buildConfigurationList = D3C198A72BCD9A5100AA3596 /* Build configuration list for PBXNativeTarget "EsriMap" */;
			buildPhases = (
				F824A2A194EBB3D23B1DFA3A /* [CP] Check Pods Manifest.lock */,
				D3C1988F2BCD9A4F00AA3596 /* Sources */,
				D3C198902BCD9A4F00AA3596 /* Frameworks */,
				D3C198912BCD9A4F00AA3596 /* Resources */,
				BA52D984EFE5D4B26954ACAB /* [CP] Embed Pods Frameworks */,
			);
			buildRules = (
			);
			dependencies = (
			);
			name = EsriMap;
			productName = EsriMap;
			productReference = D3C198932BCD9A4F00AA3596 /* EsriMap.app */;
			productType = "com.apple.product-type.application";
		};
/* End PBXNativeTarget section */

/* Begin PBXProject section */
		D3C1988B2BCD9A4F00AA3596 /* Project object */ = {
			isa = PBXProject;
			attributes = {
				BuildIndependentTargetsInParallel = 1;
				LastSwiftUpdateCheck = 1420;
				LastUpgradeCheck = 1420;
				TargetAttributes = {
					D3C198922BCD9A4F00AA3596 = {
						CreatedOnToolsVersion = 14.2;
					};
				};
			};
			buildConfigurationList = D3C1988E2BCD9A4F00AA3596 /* Build configuration list for PBXProject "EsriMap" */;
			compatibilityVersion = "Xcode 14.0";
			developmentRegion = en;
			hasScannedForEncodings = 0;
			knownRegions = (
				en,
				Base,
			);
			mainGroup = D3C1988A2BCD9A4F00AA3596;
			productRefGroup = D3C198942BCD9A4F00AA3596 /* Products */;
			projectDirPath = "";
			projectRoot = "";
			targets = (
				D3C198922BCD9A4F00AA3596 /* EsriMap */,
			);
		};
/* End PBXProject section */

/* Begin PBXResourcesBuildPhase section */
		D3C198912BCD9A4F00AA3596 /* Resources */ = {
			isa = PBXResourcesBuildPhase;
			buildActionMask = 2147483647;
			files = (
				D3C198A32BCD9A5100AA3596 /* LaunchScreen.storyboard in Resources */,
				D3C198A02BCD9A5100AA3596 /* Assets.xcassets in Resources */,
				D3C1989E2BCD9A4F00AA3596 /* Main.storyboard in Resources */,
			);
			runOnlyForDeploymentPostprocessing = 0;
		};
/* End PBXResourcesBuildPhase section */

/* Begin PBXShellScriptBuildPhase section */
		BA52D984EFE5D4B26954ACAB /* [CP] Embed Pods Frameworks */ = {
			isa = PBXShellScriptBuildPhase;
			buildActionMask = 2147483647;
			files = (
			);
			inputFileListPaths = (
				"${PODS_ROOT}/Target Support Files/Pods-EsriMap/Pods-EsriMap-frameworks-${CONFIGURATION}-input-files.xcfilelist",
			);
			name = "[CP] Embed Pods Frameworks";
			outputFileListPaths = (
				"${PODS_ROOT}/Target Support Files/Pods-EsriMap/Pods-EsriMap-frameworks-${CONFIGURATION}-output-files.xcfilelist",
			);
			runOnlyForDeploymentPostprocessing = 0;
			shellPath = /bin/sh;
			shellScript = "\"${PODS_ROOT}/Target Support Files/Pods-EsriMap/Pods-EsriMap-frameworks.sh\"\n";
			showEnvVarsInLog = 0;
		};
		F824A2A194EBB3D23B1DFA3A /* [CP] Check Pods Manifest.lock */ = {
			isa = PBXShellScriptBuildPhase;
			buildActionMask = 2147483647;
			files = (
			);
			inputFileListPaths = (
			);
			inputPaths = (
				"${PODS_PODFILE_DIR_PATH}/Podfile.lock",
				"${PODS_ROOT}/Manifest.lock",
			);
			name = "[CP] Check Pods Manifest.lock";
			outputFileListPaths = (
			);
			outputPaths = (
				"$(DERIVED_FILE_DIR)/Pods-EsriMap-checkManifestLockResult.txt",
			);
			runOnlyForDeploymentPostprocessing = 0;
			shellPath = /bin/sh;
			shellScript = "diff \"${PODS_PODFILE_DIR_PATH}/Podfile.lock\" \"${PODS_ROOT}/Manifest.lock\" > /dev/null\nif [ $? != 0 ] ; then\n    # print error to STDERR\n    echo \"error: The sandbox is not in sync with the Podfile.lock. Run 'pod install' or update your CocoaPods installation.\" >&2\n    exit 1\nfi\n# This output is used by Xcode 'outputs' to avoid re-running this script phase.\necho \"SUCCESS\" > \"${SCRIPT_OUTPUT_FILE_0}\"\n";
			showEnvVarsInLog = 0;
		};
/* End PBXShellScriptBuildPhase section */

/* Begin PBXSourcesBuildPhase section */
		D3C1988F2BCD9A4F00AA3596 /* Sources */ = {
			isa = PBXSourcesBuildPhase;
			buildActionMask = 2147483647;
			files = (
				D3C198AB2BCDA36500AA3596 /* EsriModule.swift in Sources */,
				D3C1989B2BCD9A4F00AA3596 /* ViewController.swift in Sources */,
				D3C198972BCD9A4F00AA3596 /* AppDelegate.swift in Sources */,
				D3C198992BCD9A4F00AA3596 /* SceneDelegate.swift in Sources */,
			);
			runOnlyForDeploymentPostprocessing = 0;
		};
/* End PBXSourcesBuildPhase section */

/* Begin PBXVariantGroup section */
		D3C1989C2BCD9A4F00AA3596 /* Main.storyboard */ = {
			isa = PBXVariantGroup;
			children = (
				D3C1989D2BCD9A4F00AA3596 /* Base */,
			);
			name = Main.storyboard;
			sourceTree = "<group>";
		};
		D3C198A12BCD9A5100AA3596 /* LaunchScreen.storyboard */ = {
			isa = PBXVariantGroup;
			children = (
				D3C198A22BCD9A5100AA3596 /* Base */,
			);
			name = LaunchScreen.storyboard;
			sourceTree = "<group>";
		};
/* End PBXVariantGroup section */

/* Begin XCBuildConfiguration section */
		D3C198A52BCD9A5100AA3596 /* Debug */ = {
			isa = XCBuildConfiguration;
			buildSettings = {
				ALWAYS_SEARCH_USER_PATHS = NO;
				CLANG_ANALYZER_NONNULL = YES;
				CLANG_ANALYZER_NUMBER_OBJECT_CONVERSION = YES_AGGRESSIVE;
				CLANG_CXX_LANGUAGE_STANDARD = "gnu++20";
				CLANG_ENABLE_MODULES = YES;
				CLANG_ENABLE_OBJC_ARC = YES;
				CLANG_ENABLE_OBJC_WEAK = YES;
				CLANG_WARN_BLOCK_CAPTURE_AUTORELEASING = YES;
				CLANG_WARN_BOOL_CONVERSION = YES;
				CLANG_WARN_COMMA = YES;
				CLANG_WARN_CONSTANT_CONVERSION = YES;
				CLANG_WARN_DEPRECATED_OBJC_IMPLEMENTATIONS = YES;
				CLANG_WARN_DIRECT_OBJC_ISA_USAGE = YES_ERROR;
				CLANG_WARN_DOCUMENTATION_COMMENTS = YES;
				CLANG_WARN_EMPTY_BODY = YES;
				CLANG_WARN_ENUM_CONVERSION = YES;
				CLANG_WARN_INFINITE_RECURSION = YES;
				CLANG_WARN_INT_CONVERSION = YES;
				CLANG_WARN_NON_LITERAL_NULL_CONVERSION = YES;
				CLANG_WARN_OBJC_IMPLICIT_RETAIN_SELF = YES;
				CLANG_WARN_OBJC_LITERAL_CONVERSION = YES;
				CLANG_WARN_OBJC_ROOT_CLASS = YES_ERROR;
				CLANG_WARN_QUOTED_INCLUDE_IN_FRAMEWORK_HEADER = YES;
				CLANG_WARN_RANGE_LOOP_ANALYSIS = YES;
				CLANG_WARN_STRICT_PROTOTYPES = YES;
				CLANG_WARN_SUSPICIOUS_MOVE = YES;
				CLANG_WARN_UNGUARDED_AVAILABILITY = YES_AGGRESSIVE;
				CLANG_WARN_UNREACHABLE_CODE = YES;
				CLANG_WARN__DUPLICATE_METHOD_MATCH = YES;
				COPY_PHASE_STRIP = NO;
				DEBUG_INFORMATION_FORMAT = dwarf;
				ENABLE_STRICT_OBJC_MSGSEND = YES;
				ENABLE_TESTABILITY = YES;
				GCC_C_LANGUAGE_STANDARD = gnu11;
				GCC_DYNAMIC_NO_PIC = NO;
				GCC_NO_COMMON_BLOCKS = YES;
				GCC_OPTIMIZATION_LEVEL = 0;
				GCC_PREPROCESSOR_DEFINITIONS = (
					"DEBUG=1",
					"$(inherited)",
				);
				GCC_WARN_64_TO_32_BIT_CONVERSION = YES;
				GCC_WARN_ABOUT_RETURN_TYPE = YES_ERROR;
				GCC_WARN_UNDECLARED_SELECTOR = YES;
				GCC_WARN_UNINITIALIZED_AUTOS = YES_AGGRESSIVE;
				GCC_WARN_UNUSED_FUNCTION = YES;
				GCC_WARN_UNUSED_VARIABLE = YES;
				IPHONEOS_DEPLOYMENT_TARGET = 16.2;
				MTL_ENABLE_DEBUG_INFO = INCLUDE_SOURCE;
				MTL_FAST_MATH = YES;
				ONLY_ACTIVE_ARCH = YES;
				SDKROOT = iphoneos;
				SWIFT_ACTIVE_COMPILATION_CONDITIONS = DEBUG;
				SWIFT_OPTIMIZATION_LEVEL = "-Onone";
			};
			name = Debug;
		};
		D3C198A62BCD9A5100AA3596 /* Release */ = {
			isa = XCBuildConfiguration;
			buildSettings = {
				ALWAYS_SEARCH_USER_PATHS = NO;
				CLANG_ANALYZER_NONNULL = YES;
				CLANG_ANALYZER_NUMBER_OBJECT_CONVERSION = YES_AGGRESSIVE;
				CLANG_CXX_LANGUAGE_STANDARD = "gnu++20";
				CLANG_ENABLE_MODULES = YES;
				CLANG_ENABLE_OBJC_ARC = YES;
				CLANG_ENABLE_OBJC_WEAK = YES;
				CLANG_WARN_BLOCK_CAPTURE_AUTORELEASING = YES;
				CLANG_WARN_BOOL_CONVERSION = YES;
				CLANG_WARN_COMMA = YES;
				CLANG_WARN_CONSTANT_CONVERSION = YES;
				CLANG_WARN_DEPRECATED_OBJC_IMPLEMENTATIONS = YES;
				CLANG_WARN_DIRECT_OBJC_ISA_USAGE = YES_ERROR;
				CLANG_WARN_DOCUMENTATION_COMMENTS = YES;
				CLANG_WARN_EMPTY_BODY = YES;
				CLANG_WARN_ENUM_CONVERSION = YES;
				CLANG_WARN_INFINITE_RECURSION = YES;
				CLANG_WARN_INT_CONVERSION = YES;
				CLANG_WARN_NON_LITERAL_NULL_CONVERSION = YES;
				CLANG_WARN_OBJC_IMPLICIT_RETAIN_SELF = YES;
				CLANG_WARN_OBJC_LITERAL_CONVERSION = YES;
				CLANG_WARN_OBJC_ROOT_CLASS = YES_ERROR;
				CLANG_WARN_QUOTED_INCLUDE_IN_FRAMEWORK_HEADER = YES;
				CLANG_WARN_RANGE_LOOP_ANALYSIS = YES;
				CLANG_WARN_STRICT_PROTOTYPES = YES;
				CLANG_WARN_SUSPICIOUS_MOVE = YES;
				CLANG_WARN_UNGUARDED_AVAILABILITY = YES_AGGRESSIVE;
				CLANG_WARN_UNREACHABLE_CODE = YES;
				CLANG_WARN__DUPLICATE_METHOD_MATCH = YES;
				COPY_PHASE_STRIP = NO;
				DEBUG_INFORMATION_FORMAT = "dwarf-with-dsym";
				ENABLE_NS_ASSERTIONS = NO;
				ENABLE_STRICT_OBJC_MSGSEND = YES;
				GCC_C_LANGUAGE_STANDARD = gnu11;
				GCC_NO_COMMON_BLOCKS = YES;
				GCC_WARN_64_TO_32_BIT_CONVERSION = YES;
				GCC_WARN_ABOUT_RETURN_TYPE = YES_ERROR;
				GCC_WARN_UNDECLARED_SELECTOR = YES;
				GCC_WARN_UNINITIALIZED_AUTOS = YES_AGGRESSIVE;
				GCC_WARN_UNUSED_FUNCTION = YES;
				GCC_WARN_UNUSED_VARIABLE = YES;
				IPHONEOS_DEPLOYMENT_TARGET = 16.2;
				MTL_ENABLE_DEBUG_INFO = NO;
				MTL_FAST_MATH = YES;
				SDKROOT = iphoneos;
				SWIFT_COMPILATION_MODE = wholemodule;
				SWIFT_OPTIMIZATION_LEVEL = "-O";
				VALIDATE_PRODUCT = YES;
			};
			name = Release;
		};
		D3C198A82BCD9A5100AA3596 /* Debug */ = {
			isa = XCBuildConfiguration;
			baseConfigurationReference = BC97164E80ADC3AA3E0EF029 /* Pods-EsriMap.debug.xcconfig */;
			buildSettings = {
				ASSETCATALOG_COMPILER_APPICON_NAME = AppIcon;
				ASSETCATALOG_COMPILER_GLOBAL_ACCENT_COLOR_NAME = AccentColor;
				CODE_SIGN_STYLE = Automatic;
				CURRENT_PROJECT_VERSION = 1;
				DEVELOPMENT_TEAM = 9DRYUUNTK3;
				GENERATE_INFOPLIST_FILE = YES;
				INFOPLIST_FILE = EsriMap/Info.plist;
				INFOPLIST_KEY_UIApplicationSupportsIndirectInputEvents = YES;
				INFOPLIST_KEY_UILaunchStoryboardName = LaunchScreen;
				INFOPLIST_KEY_UIMainStoryboardFile = Main;
				INFOPLIST_KEY_UISupportedInterfaceOrientations_iPad = "UIInterfaceOrientationPortrait UIInterfaceOrientationPortraitUpsideDown UIInterfaceOrientationLandscapeLeft UIInterfaceOrientationLandscapeRight";
				INFOPLIST_KEY_UISupportedInterfaceOrientations_iPhone = "UIInterfaceOrientationPortrait UIInterfaceOrientationLandscapeLeft UIInterfaceOrientationLandscapeRight";
				LD_RUNPATH_SEARCH_PATHS = (
					"$(inherited)",
					"@executable_path/Frameworks",
				);
				MARKETING_VERSION = 1.0;
				PRODUCT_BUNDLE_IDENTIFIER = com.myorginization199.EsriMap;
				PRODUCT_NAME = "$(TARGET_NAME)";
				SWIFT_EMIT_LOC_STRINGS = YES;
				SWIFT_VERSION = 5.0;
				TARGETED_DEVICE_FAMILY = "1,2";
			};
			name = Debug;
		};
		D3C198A92BCD9A5100AA3596 /* Release */ = {
			isa = XCBuildConfiguration;
			baseConfigurationReference = E51FE1B7F8EAF0F40B371584 /* Pods-EsriMap.release.xcconfig */;
			buildSettings = {
				ASSETCATALOG_COMPILER_APPICON_NAME = AppIcon;
				ASSETCATALOG_COMPILER_GLOBAL_ACCENT_COLOR_NAME = AccentColor;
				CODE_SIGN_STYLE = Automatic;
				CURRENT_PROJECT_VERSION = 1;
				DEVELOPMENT_TEAM = 9DRYUUNTK3;
				GENERATE_INFOPLIST_FILE = YES;
				INFOPLIST_FILE = EsriMap/Info.plist;
				INFOPLIST_KEY_UIApplicationSupportsIndirectInputEvents = YES;
				INFOPLIST_KEY_UILaunchStoryboardName = LaunchScreen;
				INFOPLIST_KEY_UIMainStoryboardFile = Main;
				INFOPLIST_KEY_UISupportedInterfaceOrientations_iPad = "UIInterfaceOrientationPortrait UIInterfaceOrientationPortraitUpsideDown UIInterfaceOrientationLandscapeLeft UIInterfaceOrientationLandscapeRight";
				INFOPLIST_KEY_UISupportedInterfaceOrientations_iPhone = "UIInterfaceOrientationPortrait UIInterfaceOrientationLandscapeLeft UIInterfaceOrientationLandscapeRight";
				LD_RUNPATH_SEARCH_PATHS = (
					"$(inherited)",
					"@executable_path/Frameworks",
				);
				MARKETING_VERSION = 1.0;
				PRODUCT_BUNDLE_IDENTIFIER = com.myorginization199.EsriMap;
				PRODUCT_NAME = "$(TARGET_NAME)";
				SWIFT_EMIT_LOC_STRINGS = YES;
				SWIFT_VERSION = 5.0;
				TARGETED_DEVICE_FAMILY = "1,2";
			};
			name = Release;
		};
/* End XCBuildConfiguration section */

/* Begin XCConfigurationList section */
		D3C1988E2BCD9A4F00AA3596 /* Build configuration list for PBXProject "EsriMap" */ = {
			isa = XCConfigurationList;
			buildConfigurations = (
				D3C198A52BCD9A5100AA3596 /* Debug */,
				D3C198A62BCD9A5100AA3596 /* Release */,
			);
			defaultConfigurationIsVisible = 0;
			defaultConfigurationName = Release;
		};
		D3C198A72BCD9A5100AA3596 /* Build configuration list for PBXNativeTarget "EsriMap" */ = {
			isa = XCConfigurationList;
			buildConfigurations = (
				D3C198A82BCD9A5100AA3596 /* Debug */,
				D3C198A92BCD9A5100AA3596 /* Release */,
			);
			defaultConfigurationIsVisible = 0;
			defaultConfigurationName = Release;
		};
/* End XCConfigurationList section */
	};
	rootObject = D3C1988B2BCD9A4F00AA3596 /* Project object */;
}
